
Microsoft Visual Studio Solution File, Format Version 12.00
# Visual Studio Version 16
VisualStudioVersion = 16.0.30002.166
MinimumVisualStudioVersion = 10.0.40219.1
Project("{FAE04EC0-301F-11D3-BF4B-00C04F79EFBC}") = "ProjectManagementWebApp", "ProjectManagementWebApp\ProjectManagementWebApp.csproj", "{1879899A-452B-4139-B70A-56A77B80420C}"
EndProject
Global
	GlobalSection(SolutionConfigurationPlatforms) = preSolution
		Debug|Any CPU = Debug|Any CPU
		Release|Any CPU = Release|Any CPU
	EndGlobalSection
	GlobalSection(ProjectConfigurationPlatforms) = postSolution
		{1879899A-452B-4139-B70A-56A77B80420C}.Debug|Any CPU.ActiveCfg = Debug|Any CPU
		{1879899A-452B-4139-B70A-56A77B80420C}.Debug|Any CPU.Build.0 = Debug|Any CPU
		{1879899A-452B-4139-B70A-56A77B80420C}.Release|Any CPU.ActiveCfg = Release|Any CPU
		{1879899A-452B-4139-B70A-56A77B80420C}.Release|Any CPU.Build.0 = Release|Any CPU
	EndGlobalSection
	GlobalSection(SolutionProperties) = preSolution
		HideSolutionNode = FALSE
	EndGlobalSection
	GlobalSection(ExtensibilityGlobals) = postSolution
		SolutionGuid = {40F20DD0-7C10-44FD-86CF-C2EBA116D903}
	EndGlobalSection
EndGlobal
